// !$*UTF8*$!
{
	archiveVersion = 1;
	classes = {
	};
	objectVersion = 46;
	objects = {

/* Begin PBXBuildFile section */
		D64D0E5A1B438EF10088DC1B /* main.m in Sources */ = {isa = PBXBuildFile; fileRef = D64D0E591B438EF10088DC1B /* main.m */; };
		D64D0E5D1B438EF10088DC1B /* AppDelegate.m in Sources */ = {isa = PBXBuildFile; fileRef = D64D0E5C1B438EF10088DC1B /* AppDelegate.m */; };
		D64D0E601B438EF10088DC1B /* ViewController.m in Sources */ = {isa = PBXBuildFile; fileRef = D64D0E5F1B438EF10088DC1B /* ViewController.m */; };
		D64D0E631B438EF10088DC1B /* Main.storyboard in Resources */ = {isa = PBXBuildFile; fileRef = D64D0E611B438EF10088DC1B /* Main.storyboard */; };
		D64D0E651B438EF10088DC1B /* Images.xcassets in Resources */ = {isa = PBXBuildFile; fileRef = D64D0E641B438EF10088DC1B /* Images.xcassets */; };
		D64D0E681B438EF10088DC1B /* LaunchScreen.xib in Resources */ = {isa = PBXBuildFile; fileRef = D64D0E661B438EF10088DC1B /* LaunchScreen.xib */; };
		D64D0E741B438EF10088DC1B /* Git_githubTests.m in Sources */ = {isa = PBXBuildFile; fileRef = D64D0E731B438EF10088DC1B /* Git_githubTests.m */; };
/* End PBXBuildFile section */

/* Begin PBXContainerItemProxy section */
		D64D0E6E1B438EF10088DC1B /* PBXContainerItemProxy */ = {
			isa = PBXContainerItemProxy;
			containerPortal = D64D0E4C1B438EF10088DC1B /* Project object */;
			proxyType = 1;
			remoteGlobalIDString = D64D0E531B438EF10088DC1B;
			remoteInfo = "Git-github";
		};
/* End PBXContainerItemProxy section */

/* Begin PBXFileReference section */
		D64D0E541B438EF10088DC1B /* Git-github.app */ = {isa = PBXFileReference; explicitFileType = wrapper.application; includeInIndex = 0; path = "Git-github.app"; sourceTree = BUILT_PRODUCTS_DIR; };
		D64D0E581B438EF10088DC1B /* Info.plist */ = {isa = PBXFileReference; lastKnownFileType = text.plist.xml; path = Info.plist; sourceTree = "<group>"; };
		D64D0E591B438EF10088DC1B /* main.m */ = {isa = PBXFileReference; lastKnownFileType = sourcecode.c.objc; path = main.m; sourceTree = "<group>"; };
		D64D0E5B1B438EF10088DC1B /* AppDelegate.h */ = {isa = PBXFileReference; lastKnownFileType = sourcecode.c.h; path = AppDelegate.h; sourceTree = "<group>"; };
		D64D0E5C1B438EF10088DC1B /* AppDelegate.m */ = {isa = PBXFileReference; lastKnownFileType = sourcecode.c.objc; path = AppDelegate.m; sourceTree = "<group>"; };
		D64D0E5E1B438EF10088DC1B /* ViewController.h */ = {isa = PBXFileReference; lastKnownFileType = sourcecode.c.h; path = ViewController.h; sourceTree = "<group>"; };
		D64D0E5F1B438EF10088DC1B /* ViewController.m */ = {isa = PBXFileReference; lastKnownFileType = sourcecode.c.objc; path = ViewController.m; sourceTree = "<group>"; };
		D64D0E621B438EF10088DC1B /* Base */ = {isa = PBXFileReference; lastKnownFileType = file.storyboard; name = Base; path = Base.lproj/Main.storyboard; sourceTree = "<group>"; };
		D64D0E641B438EF10088DC1B /* Images.xcassets */ = {isa = PBXFileReference; lastKnownFileType = folder.assetcatalog; path = Images.xcassets; sourceTree = "<group>"; };
		D64D0E671B438EF10088DC1B /* Base */ = {isa = PBXFileReference; lastKnownFileType = file.xib; name = Base; path = Base.lproj/LaunchScreen.xib; sourceTree = "<group>"; };
		D64D0E6D1B438EF10088DC1B /* Git-githubTests.xctest */ = {isa = PBXFileReference; explicitFileType = wrapper.cfbundle; includeInIndex = 0; path = "Git-githubTests.xctest"; sourceTree = BUILT_PRODUCTS_DIR; };
		D64D0E721B438EF10088DC1B /* Info.plist */ = {isa = PBXFileReference; lastKnownFileType = text.plist.xml; path = Info.plist; sourceTree = "<group>"; };
		D64D0E731B438EF10088DC1B /* Git_githubTests.m */ = {isa = PBXFileReference; lastKnownFileType = sourcecode.c.objc; path = Git_githubTests.m; sourceTree = "<group>"; };
/* End PBXFileReference section */

/* Begin PBXFrameworksBuildPhase section */
		D64D0E511B438EF10088DC1B /* Frameworks */ = {
			isa = PBXFrameworksBuildPhase;
			buildActionMask = 2147483647;
			files = (
			);
			runOnlyForDeploymentPostprocessing = 0;
		};
		D64D0E6A1B438EF10088DC1B /* Frameworks */ = {
			isa = PBXFrameworksBuildPhase;
			buildActionMask = 2147483647;
			files = (
			);
			runOnlyForDeploymentPostprocessing = 0;
		};
/* End PBXFrameworksBuildPhase section */

/* Begin PBXGroup section */
		D64D0E4B1B438EF10088DC1B = {
			isa = PBXGroup;
			children = (
				D64D0E561B438EF10088DC1B /* Git-github */,
				D64D0E701B438EF10088DC1B /* Git-githubTests */,
				D64D0E551B438EF10088DC1B /* Products */,
			);
			sourceTree = "<group>";
		};
		D64D0E551B438EF10088DC1B /* Products */ = {
			isa = PBXGroup;
			children = (
				D64D0E541B438EF10088DC1B /* Git-github.app */,
				D64D0E6D1B438EF10088DC1B /* Git-githubTests.xctest */,
			);
			name = Products;
			sourceTree = "<group>";
		};
		D64D0E561B438EF10088DC1B /* Git-github */ = {
			isa = PBXGroup;
			children = (
				D64D0E5B1B438EF10088DC1B /* AppDelegate.h */,
				D64D0E5C1B438EF10088DC1B /* AppDelegate.m */,
				D64D0E5E1B438EF10088DC1B /* ViewController.h */,
				D64D0E5F1B438EF10088DC1B /* ViewController.m */,
				D64D0E611B438EF10088DC1B /* Main.storyboard */,
				D64D0E641B438EF10088DC1B /* Images.xcassets */,
				D64D0E661B438EF10088DC1B /* LaunchScreen.xib */,
				D64D0E571B438EF10088DC1B /* Supporting Files */,
			);
			path = "Git-github";
			sourceTree = "<group>";
		};
		D64D0E571B438EF10088DC1B /* Supporting Files */ = {
			isa = PBXGroup;
			children = (
				D64D0E581B438EF10088DC1B /* Info.plist */,
				D64D0E591B438EF10088DC1B /* main.m */,
			);
			name = "Supporting Files";
			sourceTree = "<group>";
		};
		D64D0E701B438EF10088DC1B /* Git-githubTests */ = {
			isa = PBXGroup;
			children = (
				D64D0E731B438EF10088DC1B /* Git_githubTests.m */,
				D64D0E711B438EF10088DC1B /* Supporting Files */,
			);
			path = "Git-githubTests";
			sourceTree = "<group>";
		};
		D64D0E711B438EF10088DC1B /* Supporting Files */ = {
			isa = PBXGroup;
			children = (
				D64D0E721B438EF10088DC1B /* Info.plist */,
			);
			name = "Supporting Files";
			sourceTree = "<group>";
		};
/* End PBXGroup section */

/* Begin PBXNativeTarget section */
		D64D0E531B438EF10088DC1B /* Git-github */ = {
			isa = PBXNativeTarget;
			buildConfigurationList = D64D0E771B438EF10088DC1B /* Build configuration list for PBXNativeTarget "Git-github" */;
			buildPhases = (
				D64D0E501B438EF10088DC1B /* Sources */,
				D64D0E511B438EF10088DC1B /* Frameworks */,
				D64D0E521B438EF10088DC1B /* Resources */,
			);
			buildRules = (
			);
			dependencies = (
			);
			name = "Git-github";
			productName = "Git-github";
			productReference = D64D0E541B438EF10088DC1B /* Git-github.app */;
			productType = "com.apple.product-type.application";
		};
		D64D0E6C1B438EF10088DC1B /* Git-githubTests */ = {
			isa = PBXNativeTarget;
			buildConfigurationList = D64D0E7A1B438EF10088DC1B /* Build configuration list for PBXNativeTarget "Git-githubTests" */;
			buildPhases = (
				D64D0E691B438EF10088DC1B /* Sources */,
				D64D0E6A1B438EF10088DC1B /* Frameworks */,
				D64D0E6B1B438EF10088DC1B /* Resources */,
			);
			buildRules = (
			);
			dependencies = (
				D64D0E6F1B438EF10088DC1B /* PBXTargetDependency */,
			);
			name = "Git-githubTests";
			productName = "Git-githubTests";
			productReference = D64D0E6D1B438EF10088DC1B /* Git-githubTests.xctest */;
			productType = "com.apple.product-type.bundle.unit-test";
		};
/* End PBXNativeTarget section */

/* Begin PBXProject section */
		D64D0E4C1B438EF10088DC1B /* Project object */ = {
			isa = PBXProject;
			attributes = {
				LastUpgradeCheck = 0630;
				ORGANIZATIONNAME = tarena;
				TargetAttributes = {
					D64D0E531B438EF10088DC1B = {
						CreatedOnToolsVersion = 6.3.2;
					};
					D64D0E6C1B438EF10088DC1B = {
						CreatedOnToolsVersion = 6.3.2;
						TestTargetID = D64D0E531B438EF10088DC1B;
					};
				};
			};
			buildConfigurationList = D64D0E4F1B438EF10088DC1B /* Build configuration list for PBXProject "Git-github" */;
			compatibilityVersion = "Xcode 3.2";
			developmentRegion = English;
			hasScannedForEncodings = 0;
			knownRegions = (
				en,
				Base,
			);
			mainGroup = D64D0E4B1B438EF10088DC1B;
			productRefGroup = D64D0E551B438EF10088DC1B /* Products */;
			projectDirPath = "";
			projectRoot = "";
			targets = (
				D64D0E531B438EF10088DC1B /* Git-github */,
				D64D0E6C1B438EF10088DC1B /* Git-githubTests */,
			);
		};
/* End PBXProject section */

/* Begin PBXResourcesBuildPhase section */
		D64D0E521B438EF10088DC1B /* Resources */ = {
			isa = PBXResourcesBuildPhase;
			buildActionMask = 2147483647;
			files = (
				D64D0E631B438EF10088DC1B /* Main.storyboard in Resources */,
				D64D0E681B438EF10088DC1B /* LaunchScreen.xib in Resources */,
				D64D0E651B438EF10088DC1B /* Images.xcassets in Resources */,
			);
			runOnlyForDeploymentPostprocessing = 0;
		};
		D64D0E6B1B438EF10088DC1B /* Resources */ = {
			isa = PBXResourcesBuildPhase;
			buildActionMask = 2147483647;
			files = (
			);
			runOnlyForDeploymentPostprocessing = 0;
		};
/* End PBXResourcesBuildPhase section */

/* Begin PBXSourcesBuildPhase section */
		D64D0E501B438EF10088DC1B /* Sources */ = {
			isa = PBXSourcesBuildPhase;
			buildActionMask = 2147483647;
			files = (
				D64D0E601B438EF10088DC1B /* ViewController.m in Sources */,
				D64D0E5D1B438EF10088DC1B /* AppDelegate.m in Sources */,
				D64D0E5A1B438EF10088DC1B /* main.m in Sources */,
			);
			runOnlyForDeploymentPostprocessing = 0;
		};
		D64D0E691B438EF10088DC1B /* Sources */ = {
			isa = PBXSourcesBuildPhase;
			buildActionMask = 2147483647;
			files = (
				D64D0E741B438EF10088DC1B /* Git_githubTests.m in Sources */,
			);
			runOnlyForDeploymentPostprocessing = 0;
		};
/* End PBXSourcesBuildPhase section */

/* Begin PBXTargetDependency section */
		D64D0E6F1B438EF10088DC1B /* PBXTargetDependency */ = {
			isa = PBXTargetDependency;
			target = D64D0E531B438EF10088DC1B /* Git-github */;
			targetProxy = D64D0E6E1B438EF10088DC1B /* PBXContainerItemProxy */;
		};
/* End PBXTargetDependency section */

/* Begin PBXVariantGroup section */
		D64D0E611B438EF10088DC1B /* Main.storyboard */ = {
			isa = PBXVariantGroup;
			children = (
				D64D0E621B438EF10088DC1B /* Base */,
			);
			name = Main.storyboard;
			sourceTree = "<group>";
		};
		D64D0E661B438EF10088DC1B /* LaunchScreen.xib */ = {
			isa = PBXVariantGroup;
			children = (
				D64D0E671B438EF10088DC1B /* Base */,
			);
			name = LaunchScreen.xib;
			sourceTree = "<group>";
		};
/* End PBXVariantGroup section */

/* Begin XCBuildConfiguration section */
		D64D0E751B438EF10088DC1B /* Debug */ = {
			isa = XCBuildConfiguration;
			buildSettings = {
				ALWAYS_SEARCH_USER_PATHS = NO;
				CLANG_CXX_LANGUAGE_STANDARD = "gnu++0x";
				CLANG_CXX_LIBRARY = "libc++";
				CLANG_ENABLE_MODULES = YES;
				CLANG_ENABLE_OBJC_ARC = YES;
				CLANG_WARN_BOOL_CONVERSION = YES;
				CLANG_WARN_CONSTANT_CONVERSION = YES;
				CLANG_WARN_DIRECT_OBJC_ISA_USAGE = YES_ERROR;
				CLANG_WARN_EMPTY_BODY = YES;
				CLANG_WARN_ENUM_CONVERSION = YES;
				CLANG_WARN_INT_CONVERSION = YES;
				CLANG_WARN_OBJC_ROOT_CLASS = YES_ERROR;
				CLANG_WARN_UNREACHABLE_CODE = YES;
				CLANG_WARN__DUPLICATE_METHOD_MATCH = YES;
				"CODE_SIGN_IDENTITY[sdk=iphoneos*]" = "iPhone Developer";
				COPY_PHASE_STRIP = NO;
				DEBUG_INFORMATION_FORMAT = "dwarf-with-dsym";
				ENABLE_STRICT_OBJC_MSGSEND = YES;
				GCC_C_LANGUAGE_STANDARD = gnu99;
				GCC_DYNAMIC_NO_PIC = NO;
				GCC_NO_COMMON_BLOCKS = YES;
				GCC_OPTIMIZATION_LEVEL = 0;
				GCC_PREPROCESSOR_DEFINITIONS = (
					"DEBUG=1",
					"$(inherited)",
				);
				GCC_SYMBOLS_PRIVATE_EXTERN = NO;
				GCC_WARN_64_TO_32_BIT_CONVERSION = YES;
				GCC_WARN_ABOUT_RETURN_TYPE = YES_ERROR;
				GCC_WARN_UNDECLARED_SELECTOR = YES;
				GCC_WARN_UNINITIALIZED_AUTOS = YES_AGGRESSIVE;
				GCC_WARN_UNUSED_FUNCTION = YES;
				GCC_WARN_UNUSED_VARIABLE = YES;
				IPHONEOS_DEPLOYMENT_TARGET = 8.3;
				MTL_ENABLE_DEBUG_INFO = YES;
				ONLY_ACTIVE_ARCH = YES;
				SDKROOT = iphoneos;
			};
			name = Debug;
		};
		D64D0E761B438EF10088DC1B /* Release */ = {
			isa = XCBuildConfiguration;
			buildSettings = {
				ALWAYS_SEARCH_USER_PATHS = NO;
				CLANG_CXX_LANGUAGE_STANDARD = "gnu++0x";
				CLANG_CXX_LIBRARY = "libc++";
				CLANG_ENABLE_MODULES = YES;
				CLANG_ENABLE_OBJC_ARC = YES;
				CLANG_WARN_BOOL_CONVERSION = YES;
				CLANG_WARN_CONSTANT_CONVERSION = YES;
				CLANG_WARN_DIRECT_OBJC_ISA_USAGE = YES_ERROR;
				CLANG_WARN_EMPTY_BODY = YES;
				CLANG_WARN_ENUM_CONVERSION = YES;
				CLANG_WARN_INT_CONVERSION = YES;
				CLANG_WARN_OBJC_ROOT_CLASS = YES_ERROR;
				CLANG_WARN_UNREACHABLE_CODE = YES;
				CLANG_WARN__DUPLICATE_METHOD_MATCH = YES;
				"CODE_SIGN_IDENTITY[sdk=iphoneos*]" = "iPhone Developer";
				COPY_PHASE_STRIP = NO;
				DEBUG_INFORMATION_FORMAT = "dwarf-with-dsym";
				ENABLE_NS_ASSERTIONS = NO;
				ENABLE_STRICT_OBJC_MSGSEND = YES;
				GCC_C_LANGUAGE_STANDARD = gnu99;
				GCC_NO_COMMON_BLOCKS = YES;
				GCC_WARN_64_TO_32_BIT_CONVERSION = YES;
				GCC_WARN_ABOUT_RETURN_TYPE = YES_ERROR;
				GCC_WARN_UNDECLARED_SELECTOR = YES;
				GCC_WARN_UNINITIALIZED_AUTOS = YES_AGGRESSIVE;
				GCC_WARN_UNUSED_FUNCTION = YES;
				GCC_WARN_UNUSED_VARIABLE = YES;
				IPHONEOS_DEPLOYMENT_TARGET = 8.3;
				MTL_ENABLE_DEBUG_INFO = NO;
				SDKROOT = iphoneos;
				VALIDATE_PRODUCT = YES;
			};
			name = Release;
		};
		D64D0E781B438EF10088DC1B /* Debug */ = {
			isa = XCBuildConfiguration;
			buildSettings = {
				ASSETCATALOG_COMPILER_APPICON_NAME = AppIcon;
				INFOPLIST_FILE = "Git-github/Info.plist";
				LD_RUNPATH_SEARCH_PATHS = "$(inherited) @executable_path/Frameworks";
				PRODUCT_NAME = "$(TARGET_NAME)";
			};
			name = Debug;
		};
		D64D0E791B438EF10088DC1B /* Release */ = {
			isa = XCBuildConfiguration;
			buildSettings = {
				ASSETCATALOG_COMPILER_APPICON_NAME = AppIcon;
				INFOPLIST_FILE = "Git-github/Info.plist";
				LD_RUNPATH_SEARCH_PATHS = "$(inherited) @executable_path/Frameworks";
				PRODUCT_NAME = "$(TARGET_NAME)";
			};
			name = Release;
		};
		D64D0E7B1B438EF10088DC1B /* Debug */ = {
			isa = XCBuildConfiguration;
			buildSettings = {
				BUNDLE_LOADER = "$(TEST_HOST)";
				FRAMEWORK_SEARCH_PATHS = (
					"$(SDKROOT)/Developer/Library/Frameworks",
					"$(inherited)",
				);
				GCC_PREPROCESSOR_DEFINITIONS = (
					"DEBUG=1",
					"$(inherited)",
				);
				INFOPLIST_FILE = "Git-githubTests/Info.plist";
				LD_RUNPATH_SEARCH_PATHS = "$(inherited) @executable_path/Frameworks @loader_path/Frameworks";
				PRODUCT_NAME = "$(TARGET_NAME)";
				TEST_HOST = "$(BUILT_PRODUCTS_DIR)/Git-github.app/Git-github";
			};
			name = Debug;
		};
		D64D0E7C1B438EF10088DC1B /* Release */ = {
			isa = XCBuildConfiguration;
			buildSettings = {
				BUNDLE_LOADER = "$(TEST_HOST)";
				FRAMEWORK_SEARCH_PATHS = (
					"$(SDKROOT)/Developer/Library/Frameworks",
					"$(inherited)",
				);
				INFOPLIST_FILE = "Git-githubTests/Info.plist";
				LD_RUNPATH_SEARCH_PATHS = "$(inherited) @executable_path/Frameworks @loader_path/Frameworks";
				PRODUCT_NAME = "$(TARGET_NAME)";
				TEST_HOST = "$(BUILT_PRODUCTS_DIR)/Git-github.app/Git-github";
			};
			name = Release;
		};
/* End XCBuildConfiguration section */

/* Begin XCConfigurationList section */
		D64D0E4F1B438EF10088DC1B /* Build configuration list for PBXProject "Git-github" */ = {
			isa = XCConfigurationList;
			buildConfigurations = (
				D64D0E751B438EF10088DC1B /* Debug */,
				D64D0E761B438EF10088DC1B /* Release */,
			);
			defaultConfigurationIsVisible = 0;
			defaultConfigurationName = Release;
		};
		D64D0E771B438EF10088DC1B /* Build configuration list for PBXNativeTarget "Git-github" */ = {
			isa = XCConfigurationList;
			buildConfigurations = (
				D64D0E781B438EF10088DC1B /* Debug */,
				D64D0E791B438EF10088DC1B /* Release */,
			);
			defaultConfigurationIsVisible = 0;
		};
		D64D0E7A1B438EF10088DC1B /* Build configuration list for PBXNativeTarget "Git-githubTests" */ = {
			isa = XCConfigurationList;
			buildConfigurations = (
				D64D0E7B1B438EF10088DC1B /* Debug */,
				D64D0E7C1B438EF10088DC1B /* Release */,
			);
			defaultConfigurationIsVisible = 0;
		};
/* End XCConfigurationList section */
	};
	rootObject = D64D0E4C1B438EF10088DC1B /* Project object */;
}
